// !$*UTF8*$!
{
	archiveVersion = 1;
	classes = {
	};
	objectVersion = 50;
	objects = {

/* Begin PBXBuildFile section */
		ECD033C82791718C0076545E /* ParksDorianApp.swift in Sources */ = {isa = PBXBuildFile; fileRef = ECD033C72791718C0076545E /* ParksDorianApp.swift */; };
		ECD033CA2791718C0076545E /* ContentView.swift in Sources */ = {isa = PBXBuildFile; fileRef = ECD033C92791718C0076545E /* ContentView.swift */; };
		ECD033CC2791718D0076545E /* Assets.xcassets in Resources */ = {isa = PBXBuildFile; fileRef = ECD033CB2791718D0076545E /* Assets.xcassets */; };
		ECD033CF2791718D0076545E /* Preview Assets.xcassets in Resources */ = {isa = PBXBuildFile; fileRef = ECD033CE2791718D0076545E /* Preview Assets.xcassets */; };
		ECD033D8279172C90076545E /* CircleImage.swift in Sources */ = {isa = PBXBuildFile; fileRef = ECD033D7279172C90076545E /* CircleImage.swift */; };
		ECD033DB279175CD0076545E /* MapView.swift in Sources */ = {isa = PBXBuildFile; fileRef = ECD033DA279175CD0076545E /* MapView.swift */; };
		ECD033DE27917FA60076545E /* landmarkData.json in Resources */ = {isa = PBXBuildFile; fileRef = ECD033DD27917FA60076545E /* landmarkData.json */; };
		ECD033E127917FEC0076545E /* Landmark.swift in Sources */ = {isa = PBXBuildFile; fileRef = ECD033E027917FEC0076545E /* Landmark.swift */; };
		ECD033E4279182770076545E /* ModelData.swift in Sources */ = {isa = PBXBuildFile; fileRef = ECD033E3279182770076545E /* ModelData.swift */; };
		ECD033EF279187440076545E /* LandmarkRow.swift in Sources */ = {isa = PBXBuildFile; fileRef = ECD033EE279187440076545E /* LandmarkRow.swift */; };
/* End PBXBuildFile section */

/* Begin PBXFileReference section */
		ECD033C42791718C0076545E /* ParksDorian.app */ = {isa = PBXFileReference; explicitFileType = wrapper.application; includeInIndex = 0; path = ParksDorian.app; sourceTree = BUILT_PRODUCTS_DIR; };
		ECD033C72791718C0076545E /* ParksDorianApp.swift */ = {isa = PBXFileReference; lastKnownFileType = sourcecode.swift; path = ParksDorianApp.swift; sourceTree = "<group>"; };
		ECD033C92791718C0076545E /* ContentView.swift */ = {isa = PBXFileReference; lastKnownFileType = sourcecode.swift; path = ContentView.swift; sourceTree = "<group>"; };
		ECD033CB2791718D0076545E /* Assets.xcassets */ = {isa = PBXFileReference; lastKnownFileType = folder.assetcatalog; path = Assets.xcassets; sourceTree = "<group>"; };
		ECD033CE2791718D0076545E /* Preview Assets.xcassets */ = {isa = PBXFileReference; lastKnownFileType = folder.assetcatalog; path = "Preview Assets.xcassets"; sourceTree = "<group>"; };
		ECD033D02791718D0076545E /* Info.plist */ = {isa = PBXFileReference; lastKnownFileType = text.plist.xml; path = Info.plist; sourceTree = "<group>"; };
		ECD033D7279172C90076545E /* CircleImage.swift */ = {isa = PBXFileReference; lastKnownFileType = sourcecode.swift; path = CircleImage.swift; sourceTree = "<group>"; };
		ECD033DA279175CD0076545E /* MapView.swift */ = {isa = PBXFileReference; lastKnownFileType = sourcecode.swift; path = MapView.swift; sourceTree = "<group>"; };
		ECD033DD27917FA60076545E /* landmarkData.json */ = {isa = PBXFileReference; fileEncoding = 4; lastKnownFileType = text.json; name = landmarkData.json; path = ../../zip/1_BuildingListsAndNavigation/Resources/landmarkData.json; sourceTree = "<group>"; };
		ECD033E027917FEC0076545E /* Landmark.swift */ = {isa = PBXFileReference; lastKnownFileType = sourcecode.swift; path = Landmark.swift; sourceTree = "<group>"; };
		ECD033E3279182770076545E /* ModelData.swift */ = {isa = PBXFileReference; lastKnownFileType = sourcecode.swift; path = ModelData.swift; sourceTree = "<group>"; };
		ECD033EE279187440076545E /* LandmarkRow.swift */ = {isa = PBXFileReference; lastKnownFileType = sourcecode.swift; path = LandmarkRow.swift; sourceTree = "<group>"; };
/* End PBXFileReference section */

/* Begin PBXFrameworksBuildPhase section */
		ECD033C12791718C0076545E /* Frameworks */ = {
			isa = PBXFrameworksBuildPhase;
			buildActionMask = 2147483647;
			files = (
			);
			runOnlyForDeploymentPostprocessing = 0;
		};
/* End PBXFrameworksBuildPhase section */

/* Begin PBXGroup section */
		ECD033BB2791718C0076545E = {
			isa = PBXGroup;
			children = (
				ECD033C62791718C0076545E /* ParksDorian */,
				ECD033C52791718C0076545E /* Products */,
			);
			sourceTree = "<group>";
		};
		ECD033C52791718C0076545E /* Products */ = {
			isa = PBXGroup;
			children = (
				ECD033C42791718C0076545E /* ParksDorian.app */,
			);
			name = Products;
			sourceTree = "<group>";
		};
		ECD033C62791718C0076545E /* ParksDorian */ = {
			isa = PBXGroup;
			children = (
				ECD033DD27917FA60076545E /* landmarkData.json */,
				ECD033C72791718C0076545E /* ParksDorianApp.swift */,
				ECD033E6279186E60076545E /* Views */,
				ECD033E82791870F0076545E /* Model */,
				ECD033CB2791718D0076545E /* Assets.xcassets */,
				ECD033D02791718D0076545E /* Info.plist */,
				ECD033CD2791718D0076545E /* Preview Content */,
			);
			path = ParksDorian;
			sourceTree = "<group>";
		};
		ECD033CD2791718D0076545E /* Preview Content */ = {
			isa = PBXGroup;
			children = (
				ECD033CE2791718D0076545E /* Preview Assets.xcassets */,
			);
			path = "Preview Content";
			sourceTree = "<group>";
		};
		ECD033E6279186E60076545E /* Views */ = {
			isa = PBXGroup;
			children = (
				ECD033C92791718C0076545E /* ContentView.swift */,
				ECD033D7279172C90076545E /* CircleImage.swift */,
				ECD033DA279175CD0076545E /* MapView.swift */,
				ECD033EE279187440076545E /* LandmarkRow.swift */,
			);
			path = Views;
			sourceTree = "<group>";
		};
		ECD033E82791870F0076545E /* Model */ = {
			isa = PBXGroup;
			children = (
				ECD033E027917FEC0076545E /* Landmark.swift */,
				ECD033E3279182770076545E /* ModelData.swift */,
			);
			path = Model;
			sourceTree = "<group>";
		};
/* End PBXGroup section */

/* Begin PBXNativeTarget section */
		ECD033C32791718C0076545E /* ParksDorian */ = {
			isa = PBXNativeTarget;
			buildConfigurationList = ECD033D32791718D0076545E /* Build configuration list for PBXNativeTarget "ParksDorian" */;
			buildPhases = (
				ECD033C02791718C0076545E /* Sources */,
				ECD033C12791718C0076545E /* Frameworks */,
				ECD033C22791718C0076545E /* Resources */,
			);
			buildRules = (
			);
			dependencies = (
			);
			name = ParksDorian;
			productName = ParksDorian;
			productReference = ECD033C42791718C0076545E /* ParksDorian.app */;
			productType = "com.apple.product-type.application";
		};
/* End PBXNativeTarget section */

/* Begin PBXProject section */
		ECD033BC2791718C0076545E /* Project object */ = {
			isa = PBXProject;
			attributes = {
				LastSwiftUpdateCheck = 1240;
				LastUpgradeCheck = 1240;
				TargetAttributes = {
					ECD033C32791718C0076545E = {
						CreatedOnToolsVersion = 12.4;
					};
				};
			};
			buildConfigurationList = ECD033BF2791718C0076545E /* Build configuration list for PBXProject "ParksDorian" */;
			compatibilityVersion = "Xcode 9.3";
			developmentRegion = en;
			hasScannedForEncodings = 0;
			knownRegions = (
				en,
				Base,
			);
			mainGroup = ECD033BB2791718C0076545E;
			productRefGroup = ECD033C52791718C0076545E /* Products */;
			projectDirPath = "";
			projectRoot = "";
			targets = (
				ECD033C32791718C0076545E /* ParksDorian */,
			);
		};
/* End PBXProject section */

/* Begin PBXResourcesBuildPhase section */
		ECD033C22791718C0076545E /* Resources */ = {
			isa = PBXResourcesBuildPhase;
			buildActionMask = 2147483647;
			files = (
				ECD033CF2791718D0076545E /* Preview Assets.xcassets in Resources */,
				ECD033CC2791718D0076545E /* Assets.xcassets in Resources */,
				ECD033DE27917FA60076545E /* landmarkData.json in Resources */,
			);
			runOnlyForDeploymentPostprocessing = 0;
		};
/* End PBXResourcesBuildPhase section */

/* Begin PBXSourcesBuildPhase section */
		ECD033C02791718C0076545E /* Sources */ = {
			isa = PBXSourcesBuildPhase;
			buildActionMask = 2147483647;
			files = (
				ECD033CA2791718C0076545E /* ContentView.swift in Sources */,
				ECD033DB279175CD0076545E /* MapView.swift in Sources */,
				ECD033C82791718C0076545E /* ParksDorianApp.swift in Sources */,
				ECD033D8279172C90076545E /* CircleImage.swift in Sources */,
				ECD033E127917FEC0076545E /* Landmark.swift in Sources */,
				ECD033EF279187440076545E /* LandmarkRow.swift in Sources */,
				ECD033E4279182770076545E /* ModelData.swift in Sources */,
			);
			runOnlyForDeploymentPostprocessing = 0;
		};
/* End PBXSourcesBuildPhase section */

/* Begin XCBuildConfiguration section */
		ECD033D12791718D0076545E /* Debug */ = {
			isa = XCBuildConfiguration;
			buildSettings = {
				ALWAYS_SEARCH_USER_PATHS = NO;
				CLANG_ANALYZER_NONNULL = YES;
				CLANG_ANALYZER_NUMBER_OBJECT_CONVERSION = YES_AGGRESSIVE;
				CLANG_CXX_LANGUAGE_STANDARD = "gnu++14";
				CLANG_CXX_LIBRARY = "libc++";
				CLANG_ENABLE_MODULES = YES;
				CLANG_ENABLE_OBJC_ARC = YES;
				CLANG_ENABLE_OBJC_WEAK = YES;
				CLANG_WARN_BLOCK_CAPTURE_AUTORELEASING = YES;
				CLANG_WARN_BOOL_CONVERSION = YES;
				CLANG_WARN_COMMA = YES;
				CLANG_WARN_CONSTANT_CONVERSION = YES;
				CLANG_WARN_DEPRECATED_OBJC_IMPLEMENTATIONS = YES;
				CLANG_WARN_DIRECT_OBJC_ISA_USAGE = YES_ERROR;
				CLANG_WARN_DOCUMENTATION_COMMENTS = YES;
				CLANG_WARN_EMPTY_BODY = YES;
				CLANG_WARN_ENUM_CONVERSION = YES;
				CLANG_WARN_INFINITE_RECURSION = YES;
				CLANG_WARN_INT_CONVERSION = YES;
				CLANG_WARN_NON_LITERAL_NULL_CONVERSION = YES;
				CLANG_WARN_OBJC_IMPLICIT_RETAIN_SELF = YES;
				CLANG_WARN_OBJC_LITERAL_CONVERSION = YES;
				CLANG_WARN_OBJC_ROOT_CLASS = YES_ERROR;
				CLANG_WARN_QUOTED_INCLUDE_IN_FRAMEWORK_HEADER = YES;
				CLANG_WARN_RANGE_LOOP_ANALYSIS = YES;
				CLANG_WARN_STRICT_PROTOTYPES = YES;
				CLANG_WARN_SUSPICIOUS_MOVE = YES;
				CLANG_WARN_UNGUARDED_AVAILABILITY = YES_AGGRESSIVE;
				CLANG_WARN_UNREACHABLE_CODE = YES;
				CLANG_WARN__DUPLICATE_METHOD_MATCH = YES;
				COPY_PHASE_STRIP = NO;
				DEBUG_INFORMATION_FORMAT = dwarf;
				ENABLE_STRICT_OBJC_MSGSEND = YES;
				ENABLE_TESTABILITY = YES;
				GCC_C_LANGUAGE_STANDARD = gnu11;
				GCC_DYNAMIC_NO_PIC = NO;
				GCC_NO_COMMON_BLOCKS = YES;
				GCC_OPTIMIZATION_LEVEL = 0;
				GCC_PREPROCESSOR_DEFINITIONS = (
					"DEBUG=1",
					"$(inherited)",
				);
				GCC_WARN_64_TO_32_BIT_CONVERSION = YES;
				GCC_WARN_ABOUT_RETURN_TYPE = YES_ERROR;
				GCC_WARN_UNDECLARED_SELECTOR = YES;
				GCC_WARN_UNINITIALIZED_AUTOS = YES_AGGRESSIVE;
				GCC_WARN_UNUSED_FUNCTION = YES;
				GCC_WARN_UNUSED_VARIABLE = YES;
				IPHONEOS_DEPLOYMENT_TARGET = 14.4;
				MTL_ENABLE_DEBUG_INFO = INCLUDE_SOURCE;
				MTL_FAST_MATH = YES;
				ONLY_ACTIVE_ARCH = YES;
				SDKROOT = iphoneos;
				SWIFT_ACTIVE_COMPILATION_CONDITIONS = DEBUG;
				SWIFT_OPTIMIZATION_LEVEL = "-Onone";
			};
			name = Debug;
		};
		ECD033D22791718D0076545E /* Release */ = {
			isa = XCBuildConfiguration;
			buildSettings = {
				ALWAYS_SEARCH_USER_PATHS = NO;
				CLANG_ANALYZER_NONNULL = YES;
				CLANG_ANALYZER_NUMBER_OBJECT_CONVERSION = YES_AGGRESSIVE;
				CLANG_CXX_LANGUAGE_STANDARD = "gnu++14";
				CLANG_CXX_LIBRARY = "libc++";
				CLANG_ENABLE_MODULES = YES;
				CLANG_ENABLE_OBJC_ARC = YES;
				CLANG_ENABLE_OBJC_WEAK = YES;
				CLANG_WARN_BLOCK_CAPTURE_AUTORELEASING = YES;
				CLANG_WARN_BOOL_CONVERSION = YES;
				CLANG_WARN_COMMA = YES;
				CLANG_WARN_CONSTANT_CONVERSION = YES;
				CLANG_WARN_DEPRECATED_OBJC_IMPLEMENTATIONS = YES;
				CLANG_WARN_DIRECT_OBJC_ISA_USAGE = YES_ERROR;
				CLANG_WARN_DOCUMENTATION_COMMENTS = YES;
				CLANG_WARN_EMPTY_BODY = YES;
				CLANG_WARN_ENUM_CONVERSION = YES;
				CLANG_WARN_INFINITE_RECURSION = YES;
				CLANG_WARN_INT_CONVERSION = YES;
				CLANG_WARN_NON_LITERAL_NULL_CONVERSION = YES;
				CLANG_WARN_OBJC_IMPLICIT_RETAIN_SELF = YES;
				CLANG_WARN_OBJC_LITERAL_CONVERSION = YES;
				CLANG_WARN_OBJC_ROOT_CLASS = YES_ERROR;
				CLANG_WARN_QUOTED_INCLUDE_IN_FRAMEWORK_HEADER = YES;
				CLANG_WARN_RANGE_LOOP_ANALYSIS = YES;
				CLANG_WARN_STRICT_PROTOTYPES = YES;
				CLANG_WARN_SUSPICIOUS_MOVE = YES;
				CLANG_WARN_UNGUARDED_AVAILABILITY = YES_AGGRESSIVE;
				CLANG_WARN_UNREACHABLE_CODE = YES;
				CLANG_WARN__DUPLICATE_METHOD_MATCH = YES;
				COPY_PHASE_STRIP = NO;
				DEBUG_INFORMATION_FORMAT = "dwarf-with-dsym";
				ENABLE_NS_ASSERTIONS = NO;
				ENABLE_STRICT_OBJC_MSGSEND = YES;
				GCC_C_LANGUAGE_STANDARD = gnu11;
				GCC_NO_COMMON_BLOCKS = YES;
				GCC_WARN_64_TO_32_BIT_CONVERSION = YES;
				GCC_WARN_ABOUT_RETURN_TYPE = YES_ERROR;
				GCC_WARN_UNDECLARED_SELECTOR = YES;
				GCC_WARN_UNINITIALIZED_AUTOS = YES_AGGRESSIVE;
				GCC_WARN_UNUSED_FUNCTION = YES;
				GCC_WARN_UNUSED_VARIABLE = YES;
				IPHONEOS_DEPLOYMENT_TARGET = 14.4;
				MTL_ENABLE_DEBUG_INFO = NO;
				MTL_FAST_MATH = YES;
				SDKROOT = iphoneos;
				SWIFT_COMPILATION_MODE = wholemodule;
				SWIFT_OPTIMIZATION_LEVEL = "-O";
				VALIDATE_PRODUCT = YES;
			};
			name = Release;
		};
		ECD033D42791718D0076545E /* Debug */ = {
			isa = XCBuildConfiguration;
			buildSettings = {
				ASSETCATALOG_COMPILER_APPICON_NAME = AppIcon;
				ASSETCATALOG_COMPILER_GLOBAL_ACCENT_COLOR_NAME = AccentColor;
				CODE_SIGN_STYLE = Automatic;
				DEVELOPMENT_ASSET_PATHS = "\"ParksDorian/Preview Content\"";
				ENABLE_PREVIEWS = YES;
				INFOPLIST_FILE = ParksDorian/Info.plist;
				IPHONEOS_DEPLOYMENT_TARGET = 14.0;
				LD_RUNPATH_SEARCH_PATHS = (
					"$(inherited)",
					"@executable_path/Frameworks",
				);
				PRODUCT_BUNDLE_IDENTIFIER = univnantes.ParksDorian;
				PRODUCT_NAME = "$(TARGET_NAME)";
				SWIFT_VERSION = 5.0;
				TARGETED_DEVICE_FAMILY = "1,2";
			};
			name = Debug;
		};
		ECD033D52791718D0076545E /* Release */ = {
			isa = XCBuildConfiguration;
			buildSettings = {
				ASSETCATALOG_COMPILER_APPICON_NAME = AppIcon;
				ASSETCATALOG_COMPILER_GLOBAL_ACCENT_COLOR_NAME = AccentColor;
				CODE_SIGN_STYLE = Automatic;
				DEVELOPMENT_ASSET_PATHS = "\"ParksDorian/Preview Content\"";
				ENABLE_PREVIEWS = YES;
				INFOPLIST_FILE = ParksDorian/Info.plist;
				IPHONEOS_DEPLOYMENT_TARGET = 14.0;
				LD_RUNPATH_SEARCH_PATHS = (
					"$(inherited)",
					"@executable_path/Frameworks",
				);
				PRODUCT_BUNDLE_IDENTIFIER = univnantes.ParksDorian;
				PRODUCT_NAME = "$(TARGET_NAME)";
				SWIFT_VERSION = 5.0;
				TARGETED_DEVICE_FAMILY = "1,2";
			};
			name = Release;
		};
/* End XCBuildConfiguration section */

/* Begin XCConfigurationList section */
		ECD033BF2791718C0076545E /* Build configuration list for PBXProject "ParksDorian" */ = {
			isa = XCConfigurationList;
			buildConfigurations = (
				ECD033D12791718D0076545E /* Debug */,
				ECD033D22791718D0076545E /* Release */,
			);
			defaultConfigurationIsVisible = 0;
			defaultConfigurationName = Release;
		};
		ECD033D32791718D0076545E /* Build configuration list for PBXNativeTarget "ParksDorian" */ = {
			isa = XCConfigurationList;
			buildConfigurations = (
				ECD033D42791718D0076545E /* Debug */,
				ECD033D52791718D0076545E /* Release */,
			);
			defaultConfigurationIsVisible = 0;
			defaultConfigurationName = Release;
		};
/* End XCConfigurationList section */
	};
	rootObject = ECD033BC2791718C0076545E /* Project object */;
}
